
Microsoft Visual Studio Solution File, Format Version 12.00
# Visual Studio 2013
VisualStudioVersion = 12.0.31101.0
MinimumVisualStudioVersion = 10.0.40219.1
Project("{8BC9CEB8-8B4A-11D0-8D11-00A0C91BC942}") = "Visual_OJ", "Visual_OJ\Visual_OJ.vcxproj", "{7B209CE5-BCC6-4110-B515-5C356AF24A9D}"
EndProject
Project("{8BC9CEB8-8B4A-11D0-8D11-00A0C91BC942}") = "Broadcast", "Broadcast\Broadcast.vcxproj", "{417E2A72-60E4-445F-A80C-17A2FACF7A27}"
EndProject
Project("{8BC9CEB8-8B4A-11D0-8D11-00A0C91BC942}") = "Schedule", "Schedule\Schedule.vcxproj", "{41C061B1-F86D-4BE1-8CAF-3786DB795C70}"
EndProject
Global
	GlobalSection(SolutionConfigurationPlatforms) = preSolution
		Debug|Win32 = Debug|Win32
		Release|Win32 = Release|Win32
	EndGlobalSection
	GlobalSection(ProjectConfigurationPlatforms) = postSolution
		{7B209CE5-BCC6-4110-B515-5C356AF24A9D}.Debug|Win32.ActiveCfg = Debug|Win32
		{7B209CE5-BCC6-4110-B515-5C356AF24A9D}.Debug|Win32.Build.0 = Debug|Win32
		{7B209CE5-BCC6-4110-B515-5C356AF24A9D}.Release|Win32.ActiveCfg = Release|Win32
		{7B209CE5-BCC6-4110-B515-5C356AF24A9D}.Release|Win32.Build.0 = Release|Win32
		{417E2A72-60E4-445F-A80C-17A2FACF7A27}.Debug|Win32.ActiveCfg = Debug|Win32
		{417E2A72-60E4-445F-A80C-17A2FACF7A27}.Debug|Win32.Build.0 = Debug|Win32
		{417E2A72-60E4-445F-A80C-17A2FACF7A27}.Release|Win32.ActiveCfg = Release|Win32
		{417E2A72-60E4-445F-A80C-17A2FACF7A27}.Release|Win32.Build.0 = Release|Win32
		{41C061B1-F86D-4BE1-8CAF-3786DB795C70}.Debug|Win32.ActiveCfg = Debug|Win32
		{41C061B1-F86D-4BE1-8CAF-3786DB795C70}.Debug|Win32.Build.0 = Debug|Win32
		{41C061B1-F86D-4BE1-8CAF-3786DB795C70}.Release|Win32.ActiveCfg = Release|Win32
		{41C061B1-F86D-4BE1-8CAF-3786DB795C70}.Release|Win32.Build.0 = Release|Win32
	EndGlobalSection
	GlobalSection(SolutionProperties) = preSolution
		HideSolutionNode = FALSE
	EndGlobalSection
EndGlobal
